
Microsoft Visual Studio Solution File, Format Version 12.00
# Visual Studio 15
VisualStudioVersion = 15.0.28307.645
MinimumVisualStudioVersion = 10.0.40219.1
Project("{FAE04EC0-301F-11D3-BF4B-00C04F79EFBC}") = "PortalBusinessRulesCustomizations", "PortalBusinessRulesCustomizations\PortalBusinessRulesCustomizations.csproj", "{12F07ACD-037B-4699-9A04-EF438D2CEA4F}"
EndProject
Global
	GlobalSection(SolutionConfigurationPlatforms) = preSolution
		Debug|Any CPU = Debug|Any CPU
		Release|Any CPU = Release|Any CPU
	EndGlobalSection
	GlobalSection(ProjectConfigurationPlatforms) = postSolution
		{12F07ACD-037B-4699-9A04-EF438D2CEA4F}.Debug|Any CPU.ActiveCfg = Debug|Any CPU
		{12F07ACD-037B-4699-9A04-EF438D2CEA4F}.Debug|Any CPU.Build.0 = Debug|Any CPU
		{12F07ACD-037B-4699-9A04-EF438D2CEA4F}.Release|Any CPU.ActiveCfg = Release|Any CPU
		{12F07ACD-037B-4699-9A04-EF438D2CEA4F}.Release|Any CPU.Build.0 = Release|Any CPU
	EndGlobalSection
	GlobalSection(SolutionProperties) = preSolution
		HideSolutionNode = FALSE
	EndGlobalSection
	GlobalSection(ExtensibilityGlobals) = postSolution
		SolutionGuid = {6EBFD417-90A9-4F11-88A1-BC553E23DA31}
	EndGlobalSection
EndGlobal
